// !$*UTF8*$!
{
	archiveVersion = 1;
	classes = {
	};
	objectVersion = 50;
	objects = {

/* Begin PBXBuildFile section */
		4A6725ED23944FEE00653E7E /* AppDelegate.swift in Sources */ = {isa = PBXBuildFile; fileRef = 4A6725EC23944FEE00653E7E /* AppDelegate.swift */; };
		4A6725EF23944FEE00653E7E /* SceneDelegate.swift in Sources */ = {isa = PBXBuildFile; fileRef = 4A6725EE23944FEE00653E7E /* SceneDelegate.swift */; };
		4A6725F123944FEE00653E7E /* ViewController.swift in Sources */ = {isa = PBXBuildFile; fileRef = 4A6725F023944FEE00653E7E /* ViewController.swift */; };
		4A6725F423944FEE00653E7E /* Main.storyboard in Resources */ = {isa = PBXBuildFile; fileRef = 4A6725F223944FEE00653E7E /* Main.storyboard */; };
		4A6725F623944FF200653E7E /* Assets.xcassets in Resources */ = {isa = PBXBuildFile; fileRef = 4A6725F523944FF200653E7E /* Assets.xcassets */; };
		4A6725F923944FF200653E7E /* LaunchScreen.storyboard in Resources */ = {isa = PBXBuildFile; fileRef = 4A6725F723944FF200653E7E /* LaunchScreen.storyboard */; };
		4A67260423944FF200653E7E /* keyTests.swift in Sources */ = {isa = PBXBuildFile; fileRef = 4A67260323944FF200653E7E /* keyTests.swift */; };
		4A67260F23944FF200653E7E /* keyUITests.swift in Sources */ = {isa = PBXBuildFile; fileRef = 4A67260E23944FF200653E7E /* keyUITests.swift */; };
/* End PBXBuildFile section */

/* Begin PBXContainerItemProxy section */
		4A67260023944FF200653E7E /* PBXContainerItemProxy */ = {
			isa = PBXContainerItemProxy;
			containerPortal = 4A6725E123944FEE00653E7E /* Project object */;
			proxyType = 1;
			remoteGlobalIDString = 4A6725E823944FEE00653E7E;
			remoteInfo = key;
		};
		4A67260B23944FF200653E7E /* PBXContainerItemProxy */ = {
			isa = PBXContainerItemProxy;
			containerPortal = 4A6725E123944FEE00653E7E /* Project object */;
			proxyType = 1;
			remoteGlobalIDString = 4A6725E823944FEE00653E7E;
			remoteInfo = key;
		};
/* End PBXContainerItemProxy section */

/* Begin PBXFileReference section */
		4A6725E923944FEE00653E7E /* key.app */ = {isa = PBXFileReference; explicitFileType = wrapper.application; includeInIndex = 0; path = key.app; sourceTree = BUILT_PRODUCTS_DIR; };
		4A6725EC23944FEE00653E7E /* AppDelegate.swift */ = {isa = PBXFileReference; lastKnownFileType = sourcecode.swift; path = AppDelegate.swift; sourceTree = "<group>"; };
		4A6725EE23944FEE00653E7E /* SceneDelegate.swift */ = {isa = PBXFileReference; lastKnownFileType = sourcecode.swift; path = SceneDelegate.swift; sourceTree = "<group>"; };
		4A6725F023944FEE00653E7E /* ViewController.swift */ = {isa = PBXFileReference; lastKnownFileType = sourcecode.swift; path = ViewController.swift; sourceTree = "<group>"; };
		4A6725F323944FEE00653E7E /* Base */ = {isa = PBXFileReference; lastKnownFileType = file.storyboard; name = Base; path = Base.lproj/Main.storyboard; sourceTree = "<group>"; };
		4A6725F523944FF200653E7E /* Assets.xcassets */ = {isa = PBXFileReference; lastKnownFileType = folder.assetcatalog; path = Assets.xcassets; sourceTree = "<group>"; };
		4A6725F823944FF200653E7E /* Base */ = {isa = PBXFileReference; lastKnownFileType = file.storyboard; name = Base; path = Base.lproj/LaunchScreen.storyboard; sourceTree = "<group>"; };
		4A6725FA23944FF200653E7E /* Info.plist */ = {isa = PBXFileReference; lastKnownFileType = text.plist.xml; path = Info.plist; sourceTree = "<group>"; };
		4A6725FF23944FF200653E7E /* keyTests.xctest */ = {isa = PBXFileReference; explicitFileType = wrapper.cfbundle; includeInIndex = 0; path = keyTests.xctest; sourceTree = BUILT_PRODUCTS_DIR; };
		4A67260323944FF200653E7E /* keyTests.swift */ = {isa = PBXFileReference; lastKnownFileType = sourcecode.swift; path = keyTests.swift; sourceTree = "<group>"; };
		4A67260523944FF200653E7E /* Info.plist */ = {isa = PBXFileReference; lastKnownFileType = text.plist.xml; path = Info.plist; sourceTree = "<group>"; };
		4A67260A23944FF200653E7E /* keyUITests.xctest */ = {isa = PBXFileReference; explicitFileType = wrapper.cfbundle; includeInIndex = 0; path = keyUITests.xctest; sourceTree = BUILT_PRODUCTS_DIR; };
		4A67260E23944FF200653E7E /* keyUITests.swift */ = {isa = PBXFileReference; lastKnownFileType = sourcecode.swift; path = keyUITests.swift; sourceTree = "<group>"; };
		4A67261023944FF200653E7E /* Info.plist */ = {isa = PBXFileReference; lastKnownFileType = text.plist.xml; path = Info.plist; sourceTree = "<group>"; };
/* End PBXFileReference section */

/* Begin PBXFrameworksBuildPhase section */
		4A6725E623944FEE00653E7E /* Frameworks */ = {
			isa = PBXFrameworksBuildPhase;
			buildActionMask = 2147483647;
			files = (
			);
			runOnlyForDeploymentPostprocessing = 0;
		};
		4A6725FC23944FF200653E7E /* Frameworks */ = {
			isa = PBXFrameworksBuildPhase;
			buildActionMask = 2147483647;
			files = (
			);
			runOnlyForDeploymentPostprocessing = 0;
		};
		4A67260723944FF200653E7E /* Frameworks */ = {
			isa = PBXFrameworksBuildPhase;
			buildActionMask = 2147483647;
			files = (
			);
			runOnlyForDeploymentPostprocessing = 0;
		};
/* End PBXFrameworksBuildPhase section */

/* Begin PBXGroup section */
		4A6725E023944FEE00653E7E = {
			isa = PBXGroup;
			children = (
				4A6725EB23944FEE00653E7E /* key */,
				4A67260223944FF200653E7E /* keyTests */,
				4A67260D23944FF200653E7E /* keyUITests */,
				4A6725EA23944FEE00653E7E /* Products */,
			);
			sourceTree = "<group>";
		};
		4A6725EA23944FEE00653E7E /* Products */ = {
			isa = PBXGroup;
			children = (
				4A6725E923944FEE00653E7E /* key.app */,
				4A6725FF23944FF200653E7E /* keyTests.xctest */,
				4A67260A23944FF200653E7E /* keyUITests.xctest */,
			);
			name = Products;
			sourceTree = "<group>";
		};
		4A6725EB23944FEE00653E7E /* key */ = {
			isa = PBXGroup;
			children = (
				4A6725EC23944FEE00653E7E /* AppDelegate.swift */,
				4A6725EE23944FEE00653E7E /* SceneDelegate.swift */,
				4A6725F023944FEE00653E7E /* ViewController.swift */,
				4A6725F223944FEE00653E7E /* Main.storyboard */,
				4A6725F523944FF200653E7E /* Assets.xcassets */,
				4A6725F723944FF200653E7E /* LaunchScreen.storyboard */,
				4A6725FA23944FF200653E7E /* Info.plist */,
			);
			path = key;
			sourceTree = "<group>";
		};
		4A67260223944FF200653E7E /* keyTests */ = {
			isa = PBXGroup;
			children = (
				4A67260323944FF200653E7E /* keyTests.swift */,
				4A67260523944FF200653E7E /* Info.plist */,
			);
			path = keyTests;
			sourceTree = "<group>";
		};
		4A67260D23944FF200653E7E /* keyUITests */ = {
			isa = PBXGroup;
			children = (
				4A67260E23944FF200653E7E /* keyUITests.swift */,
				4A67261023944FF200653E7E /* Info.plist */,
			);
			path = keyUITests;
			sourceTree = "<group>";
		};
/* End PBXGroup section */

/* Begin PBXNativeTarget section */
		4A6725E823944FEE00653E7E /* key */ = {
			isa = PBXNativeTarget;
			buildConfigurationList = 4A67261323944FF200653E7E /* Build configuration list for PBXNativeTarget "key" */;
			buildPhases = (
				4A6725E523944FEE00653E7E /* Sources */,
				4A6725E623944FEE00653E7E /* Frameworks */,
				4A6725E723944FEE00653E7E /* Resources */,
			);
			buildRules = (
			);
			dependencies = (
			);
			name = key;
			productName = key;
			productReference = 4A6725E923944FEE00653E7E /* key.app */;
			productType = "com.apple.product-type.application";
		};
		4A6725FE23944FF200653E7E /* keyTests */ = {
			isa = PBXNativeTarget;
			buildConfigurationList = 4A67261623944FF200653E7E /* Build configuration list for PBXNativeTarget "keyTests" */;
			buildPhases = (
				4A6725FB23944FF200653E7E /* Sources */,
				4A6725FC23944FF200653E7E /* Frameworks */,
				4A6725FD23944FF200653E7E /* Resources */,
			);
			buildRules = (
			);
			dependencies = (
				4A67260123944FF200653E7E /* PBXTargetDependency */,
			);
			name = keyTests;
			productName = keyTests;
			productReference = 4A6725FF23944FF200653E7E /* keyTests.xctest */;
			productType = "com.apple.product-type.bundle.unit-test";
		};
		4A67260923944FF200653E7E /* keyUITests */ = {
			isa = PBXNativeTarget;
			buildConfigurationList = 4A67261923944FF200653E7E /* Build configuration list for PBXNativeTarget "keyUITests" */;
			buildPhases = (
				4A67260623944FF200653E7E /* Sources */,
				4A67260723944FF200653E7E /* Frameworks */,
				4A67260823944FF200653E7E /* Resources */,
			);
			buildRules = (
			);
			dependencies = (
				4A67260C23944FF200653E7E /* PBXTargetDependency */,
			);
			name = keyUITests;
			productName = keyUITests;
			productReference = 4A67260A23944FF200653E7E /* keyUITests.xctest */;
			productType = "com.apple.product-type.bundle.ui-testing";
		};
/* End PBXNativeTarget section */

/* Begin PBXProject section */
		4A6725E123944FEE00653E7E /* Project object */ = {
			isa = PBXProject;
			attributes = {
				LastSwiftUpdateCheck = 1110;
				LastUpgradeCheck = 1110;
				ORGANIZATIONNAME = "用实力让情怀落地";
				TargetAttributes = {
					4A6725E823944FEE00653E7E = {
						CreatedOnToolsVersion = 11.1;
					};
					4A6725FE23944FF200653E7E = {
						CreatedOnToolsVersion = 11.1;
						TestTargetID = 4A6725E823944FEE00653E7E;
					};
					4A67260923944FF200653E7E = {
						CreatedOnToolsVersion = 11.1;
						TestTargetID = 4A6725E823944FEE00653E7E;
					};
				};
			};
			buildConfigurationList = 4A6725E423944FEE00653E7E /* Build configuration list for PBXProject "key" */;
			compatibilityVersion = "Xcode 9.3";
			developmentRegion = en;
			hasScannedForEncodings = 0;
			knownRegions = (
				en,
				Base,
			);
			mainGroup = 4A6725E023944FEE00653E7E;
			productRefGroup = 4A6725EA23944FEE00653E7E /* Products */;
			projectDirPath = "";
			projectRoot = "";
			targets = (
				4A6725E823944FEE00653E7E /* key */,
				4A6725FE23944FF200653E7E /* keyTests */,
				4A67260923944FF200653E7E /* keyUITests */,
			);
		};
/* End PBXProject section */

/* Begin PBXResourcesBuildPhase section */
		4A6725E723944FEE00653E7E /* Resources */ = {
			isa = PBXResourcesBuildPhase;
			buildActionMask = 2147483647;
			files = (
				4A6725F923944FF200653E7E /* LaunchScreen.storyboard in Resources */,
				4A6725F623944FF200653E7E /* Assets.xcassets in Resources */,
				4A6725F423944FEE00653E7E /* Main.storyboard in Resources */,
			);
			runOnlyForDeploymentPostprocessing = 0;
		};
		4A6725FD23944FF200653E7E /* Resources */ = {
			isa = PBXResourcesBuildPhase;
			buildActionMask = 2147483647;
			files = (
			);
			runOnlyForDeploymentPostprocessing = 0;
		};
		4A67260823944FF200653E7E /* Resources */ = {
			isa = PBXResourcesBuildPhase;
			buildActionMask = 2147483647;
			files = (
			);
			runOnlyForDeploymentPostprocessing = 0;
		};
/* End PBXResourcesBuildPhase section */

/* Begin PBXSourcesBuildPhase section */
		4A6725E523944FEE00653E7E /* Sources */ = {
			isa = PBXSourcesBuildPhase;
			buildActionMask = 2147483647;
			files = (
				4A6725F123944FEE00653E7E /* ViewController.swift in Sources */,
				4A6725ED23944FEE00653E7E /* AppDelegate.swift in Sources */,
				4A6725EF23944FEE00653E7E /* SceneDelegate.swift in Sources */,
			);
			runOnlyForDeploymentPostprocessing = 0;
		};
		4A6725FB23944FF200653E7E /* Sources */ = {
			isa = PBXSourcesBuildPhase;
			buildActionMask = 2147483647;
			files = (
				4A67260423944FF200653E7E /* keyTests.swift in Sources */,
			);
			runOnlyForDeploymentPostprocessing = 0;
		};
		4A67260623944FF200653E7E /* Sources */ = {
			isa = PBXSourcesBuildPhase;
			buildActionMask = 2147483647;
			files = (
				4A67260F23944FF200653E7E /* keyUITests.swift in Sources */,
			);
			runOnlyForDeploymentPostprocessing = 0;
		};
/* End PBXSourcesBuildPhase section */

/* Begin PBXTargetDependency section */
		4A67260123944FF200653E7E /* PBXTargetDependency */ = {
			isa = PBXTargetDependency;
			target = 4A6725E823944FEE00653E7E /* key */;
			targetProxy = 4A67260023944FF200653E7E /* PBXContainerItemProxy */;
		};
		4A67260C23944FF200653E7E /* PBXTargetDependency */ = {
			isa = PBXTargetDependency;
			target = 4A6725E823944FEE00653E7E /* key */;
			targetProxy = 4A67260B23944FF200653E7E /* PBXContainerItemProxy */;
		};
/* End PBXTargetDependency section */

/* Begin PBXVariantGroup section */
		4A6725F223944FEE00653E7E /* Main.storyboard */ = {
			isa = PBXVariantGroup;
			children = (
				4A6725F323944FEE00653E7E /* Base */,
			);
			name = Main.storyboard;
			sourceTree = "<group>";
		};
		4A6725F723944FF200653E7E /* LaunchScreen.storyboard */ = {
			isa = PBXVariantGroup;
			children = (
				4A6725F823944FF200653E7E /* Base */,
			);
			name = LaunchScreen.storyboard;
			sourceTree = "<group>";
		};
/* End PBXVariantGroup section */

/* Begin XCBuildConfiguration section */
		4A67261123944FF200653E7E /* Debug */ = {
			isa = XCBuildConfiguration;
			buildSettings = {
				ALWAYS_SEARCH_USER_PATHS = NO;
				CLANG_ANALYZER_NONNULL = YES;
				CLANG_ANALYZER_NUMBER_OBJECT_CONVERSION = YES_AGGRESSIVE;
				CLANG_CXX_LANGUAGE_STANDARD = "gnu++14";
				CLANG_CXX_LIBRARY = "libc++";
				CLANG_ENABLE_MODULES = YES;
				CLANG_ENABLE_OBJC_ARC = YES;
				CLANG_ENABLE_OBJC_WEAK = YES;
				CLANG_WARN_BLOCK_CAPTURE_AUTORELEASING = YES;
				CLANG_WARN_BOOL_CONVERSION = YES;
				CLANG_WARN_COMMA = YES;
				CLANG_WARN_CONSTANT_CONVERSION = YES;
				CLANG_WARN_DEPRECATED_OBJC_IMPLEMENTATIONS = YES;
				CLANG_WARN_DIRECT_OBJC_ISA_USAGE = YES_ERROR;
				CLANG_WARN_DOCUMENTATION_COMMENTS = YES;
				CLANG_WARN_EMPTY_BODY = YES;
				CLANG_WARN_ENUM_CONVERSION = YES;
				CLANG_WARN_INFINITE_RECURSION = YES;
				CLANG_WARN_INT_CONVERSION = YES;
				CLANG_WARN_NON_LITERAL_NULL_CONVERSION = YES;
				CLANG_WARN_OBJC_IMPLICIT_RETAIN_SELF = YES;
				CLANG_WARN_OBJC_LITERAL_CONVERSION = YES;
				CLANG_WARN_OBJC_ROOT_CLASS = YES_ERROR;
				CLANG_WARN_RANGE_LOOP_ANALYSIS = YES;
				CLANG_WARN_STRICT_PROTOTYPES = YES;
				CLANG_WARN_SUSPICIOUS_MOVE = YES;
				CLANG_WARN_UNGUARDED_AVAILABILITY = YES_AGGRESSIVE;
				CLANG_WARN_UNREACHABLE_CODE = YES;
				CLANG_WARN__DUPLICATE_METHOD_MATCH = YES;
				COPY_PHASE_STRIP = NO;
				DEBUG_INFORMATION_FORMAT = dwarf;
				ENABLE_STRICT_OBJC_MSGSEND = YES;
				ENABLE_TESTABILITY = YES;
				GCC_C_LANGUAGE_STANDARD = gnu11;
				GCC_DYNAMIC_NO_PIC = NO;
				GCC_NO_COMMON_BLOCKS = YES;
				GCC_OPTIMIZATION_LEVEL = 0;
				GCC_PREPROCESSOR_DEFINITIONS = (
					"DEBUG=1",
					"$(inherited)",
				);
				GCC_WARN_64_TO_32_BIT_CONVERSION = YES;
				GCC_WARN_ABOUT_RETURN_TYPE = YES_ERROR;
				GCC_WARN_UNDECLARED_SELECTOR = YES;
				GCC_WARN_UNINITIALIZED_AUTOS = YES_AGGRESSIVE;
				GCC_WARN_UNUSED_FUNCTION = YES;
				GCC_WARN_UNUSED_VARIABLE = YES;
				IPHONEOS_DEPLOYMENT_TARGET = 13.1;
				MTL_ENABLE_DEBUG_INFO = INCLUDE_SOURCE;
				MTL_FAST_MATH = YES;
				ONLY_ACTIVE_ARCH = YES;
				SDKROOT = iphoneos;
				SWIFT_ACTIVE_COMPILATION_CONDITIONS = DEBUG;
				SWIFT_OPTIMIZATION_LEVEL = "-Onone";
			};
			name = Debug;
		};
		4A67261223944FF200653E7E /* Release */ = {
			isa = XCBuildConfiguration;
			buildSettings = {
				ALWAYS_SEARCH_USER_PATHS = NO;
				CLANG_ANALYZER_NONNULL = YES;
				CLANG_ANALYZER_NUMBER_OBJECT_CONVERSION = YES_AGGRESSIVE;
				CLANG_CXX_LANGUAGE_STANDARD = "gnu++14";
				CLANG_CXX_LIBRARY = "libc++";
				CLANG_ENABLE_MODULES = YES;
				CLANG_ENABLE_OBJC_ARC = YES;
				CLANG_ENABLE_OBJC_WEAK = YES;
				CLANG_WARN_BLOCK_CAPTURE_AUTORELEASING = YES;
				CLANG_WARN_BOOL_CONVERSION = YES;
				CLANG_WARN_COMMA = YES;
				CLANG_WARN_CONSTANT_CONVERSION = YES;
				CLANG_WARN_DEPRECATED_OBJC_IMPLEMENTATIONS = YES;
				CLANG_WARN_DIRECT_OBJC_ISA_USAGE = YES_ERROR;
				CLANG_WARN_DOCUMENTATION_COMMENTS = YES;
				CLANG_WARN_EMPTY_BODY = YES;
				CLANG_WARN_ENUM_CONVERSION = YES;
				CLANG_WARN_INFINITE_RECURSION = YES;
				CLANG_WARN_INT_CONVERSION = YES;
				CLANG_WARN_NON_LITERAL_NULL_CONVERSION = YES;
				CLANG_WARN_OBJC_IMPLICIT_RETAIN_SELF = YES;
				CLANG_WARN_OBJC_LITERAL_CONVERSION = YES;
				CLANG_WARN_OBJC_ROOT_CLASS = YES_ERROR;
				CLANG_WARN_RANGE_LOOP_ANALYSIS = YES;
				CLANG_WARN_STRICT_PROTOTYPES = YES;
				CLANG_WARN_SUSPICIOUS_MOVE = YES;
				CLANG_WARN_UNGUARDED_AVAILABILITY = YES_AGGRESSIVE;
				CLANG_WARN_UNREACHABLE_CODE = YES;
				CLANG_WARN__DUPLICATE_METHOD_MATCH = YES;
				COPY_PHASE_STRIP = NO;
				DEBUG_INFORMATION_FORMAT = "dwarf-with-dsym";
				ENABLE_NS_ASSERTIONS = NO;
				ENABLE_STRICT_OBJC_MSGSEND = YES;
				GCC_C_LANGUAGE_STANDARD = gnu11;
				GCC_NO_COMMON_BLOCKS = YES;
				GCC_WARN_64_TO_32_BIT_CONVERSION = YES;
				GCC_WARN_ABOUT_RETURN_TYPE = YES_ERROR;
				GCC_WARN_UNDECLARED_SELECTOR = YES;
				GCC_WARN_UNINITIALIZED_AUTOS = YES_AGGRESSIVE;
				GCC_WARN_UNUSED_FUNCTION = YES;
				GCC_WARN_UNUSED_VARIABLE = YES;
				IPHONEOS_DEPLOYMENT_TARGET = 13.1;
				MTL_ENABLE_DEBUG_INFO = NO;
				MTL_FAST_MATH = YES;
				SDKROOT = iphoneos;
				SWIFT_COMPILATION_MODE = wholemodule;
				SWIFT_OPTIMIZATION_LEVEL = "-O";
				VALIDATE_PRODUCT = YES;
			};
			name = Release;
		};
		4A67261423944FF200653E7E /* Debug */ = {
			isa = XCBuildConfiguration;
			buildSettings = {
				ASSETCATALOG_COMPILER_APPICON_NAME = AppIcon;
				CODE_SIGN_STYLE = Automatic;
				INFOPLIST_FILE = key/Info.plist;
				LD_RUNPATH_SEARCH_PATHS = (
					"$(inherited)",
					"@executable_path/Frameworks",
				);
				PRODUCT_BUNDLE_IDENTIFIER = PKU.key;
				PRODUCT_NAME = "$(TARGET_NAME)";
				SWIFT_VERSION = 5.0;
				TARGETED_DEVICE_FAMILY = "1,2";
			};
			name = Debug;
		};
		4A67261523944FF200653E7E /* Release */ = {
			isa = XCBuildConfiguration;
			buildSettings = {
				ASSETCATALOG_COMPILER_APPICON_NAME = AppIcon;
				CODE_SIGN_STYLE = Automatic;
				INFOPLIST_FILE = key/Info.plist;
				LD_RUNPATH_SEARCH_PATHS = (
					"$(inherited)",
					"@executable_path/Frameworks",
				);
				PRODUCT_BUNDLE_IDENTIFIER = PKU.key;
				PRODUCT_NAME = "$(TARGET_NAME)";
				SWIFT_VERSION = 5.0;
				TARGETED_DEVICE_FAMILY = "1,2";
			};
			name = Release;
		};
		4A67261723944FF200653E7E /* Debug */ = {
			isa = XCBuildConfiguration;
			buildSettings = {
				ALWAYS_EMBED_SWIFT_STANDARD_LIBRARIES = YES;
				BUNDLE_LOADER = "$(TEST_HOST)";
				CODE_SIGN_STYLE = Automatic;
				INFOPLIST_FILE = keyTests/Info.plist;
				IPHONEOS_DEPLOYMENT_TARGET = 13.1;
				LD_RUNPATH_SEARCH_PATHS = (
					"$(inherited)",
					"@executable_path/Frameworks",
					"@loader_path/Frameworks",
				);
				PRODUCT_BUNDLE_IDENTIFIER = PKU.keyTests;
				PRODUCT_NAME = "$(TARGET_NAME)";
				SWIFT_VERSION = 5.0;
				TARGETED_DEVICE_FAMILY = "1,2";
				TEST_HOST = "$(BUILT_PRODUCTS_DIR)/key.app/key";
			};
			name = Debug;
		};
		4A67261823944FF200653E7E /* Release */ = {
			isa = XCBuildConfiguration;
			buildSettings = {
				ALWAYS_EMBED_SWIFT_STANDARD_LIBRARIES = YES;
				BUNDLE_LOADER = "$(TEST_HOST)";
				CODE_SIGN_STYLE = Automatic;
				INFOPLIST_FILE = keyTests/Info.plist;
				IPHONEOS_DEPLOYMENT_TARGET = 13.1;
				LD_RUNPATH_SEARCH_PATHS = (
					"$(inherited)",
					"@executable_path/Frameworks",
					"@loader_path/Frameworks",
				);
				PRODUCT_BUNDLE_IDENTIFIER = PKU.keyTests;
				PRODUCT_NAME = "$(TARGET_NAME)";
				SWIFT_VERSION = 5.0;
				TARGETED_DEVICE_FAMILY = "1,2";
				TEST_HOST = "$(BUILT_PRODUCTS_DIR)/key.app/key";
			};
			name = Release;
		};
		4A67261A23944FF200653E7E /* Debug */ = {
			isa = XCBuildConfiguration;
			buildSettings = {
				ALWAYS_EMBED_SWIFT_STANDARD_LIBRARIES = YES;
				CODE_SIGN_STYLE = Automatic;
				INFOPLIST_FILE = keyUITests/Info.plist;
				LD_RUNPATH_SEARCH_PATHS = (
					"$(inherited)",
					"@executable_path/Frameworks",
					"@loader_path/Frameworks",
				);
				PRODUCT_BUNDLE_IDENTIFIER = PKU.keyUITests;
				PRODUCT_NAME = "$(TARGET_NAME)";
				SWIFT_VERSION = 5.0;
				TARGETED_DEVICE_FAMILY = "1,2";
				TEST_TARGET_NAME = key;
			};
			name = Debug;
		};
		4A67261B23944FF200653E7E /* Release */ = {
			isa = XCBuildConfiguration;
			buildSettings = {
				ALWAYS_EMBED_SWIFT_STANDARD_LIBRARIES = YES;
				CODE_SIGN_STYLE = Automatic;
				INFOPLIST_FILE = keyUITests/Info.plist;
				LD_RUNPATH_SEARCH_PATHS = (
					"$(inherited)",
					"@executable_path/Frameworks",
					"@loader_path/Frameworks",
				);
				PRODUCT_BUNDLE_IDENTIFIER = PKU.keyUITests;
				PRODUCT_NAME = "$(TARGET_NAME)";
				SWIFT_VERSION = 5.0;
				TARGETED_DEVICE_FAMILY = "1,2";
				TEST_TARGET_NAME = key;
			};
			name = Release;
		};
/* End XCBuildConfiguration section */

/* Begin XCConfigurationList section */
		4A6725E423944FEE00653E7E /* Build configuration list for PBXProject "key" */ = {
			isa = XCConfigurationList;
			buildConfigurations = (
				4A67261123944FF200653E7E /* Debug */,
				4A67261223944FF200653E7E /* Release */,
			);
			defaultConfigurationIsVisible = 0;
			defaultConfigurationName = Release;
		};
		4A67261323944FF200653E7E /* Build configuration list for PBXNativeTarget "key" */ = {
			isa = XCConfigurationList;
			buildConfigurations = (
				4A67261423944FF200653E7E /* Debug */,
				4A67261523944FF200653E7E /* Release */,
			);
			defaultConfigurationIsVisible = 0;
			defaultConfigurationName = Release;
		};
		4A67261623944FF200653E7E /* Build configuration list for PBXNativeTarget "keyTests" */ = {
			isa = XCConfigurationList;
			buildConfigurations = (
				4A67261723944FF200653E7E /* Debug */,
				4A67261823944FF200653E7E /* Release */,
			);
			defaultConfigurationIsVisible = 0;
			defaultConfigurationName = Release;
		};
		4A67261923944FF200653E7E /* Build configuration list for PBXNativeTarget "keyUITests" */ = {
			isa = XCConfigurationList;
			buildConfigurations = (
				4A67261A23944FF200653E7E /* Debug */,
				4A67261B23944FF200653E7E /* Release */,
			);
			defaultConfigurationIsVisible = 0;
			defaultConfigurationName = Release;
		};
/* End XCConfigurationList section */
	};
	rootObject = 4A6725E123944FEE00653E7E /* Project object */;
}
