// !$*UTF8*$!
{
	archiveVersion = 1;
	classes = {
	};
	objectVersion = 50;
	objects = {

/* Begin PBXBuildFile section */
		4A6726682395FCF600653E7E /* AppDelegate.swift in Sources */ = {isa = PBXBuildFile; fileRef = 4A6726672395FCF600653E7E /* AppDelegate.swift */; };
		4A67266A2395FCF600653E7E /* SceneDelegate.swift in Sources */ = {isa = PBXBuildFile; fileRef = 4A6726692395FCF600653E7E /* SceneDelegate.swift */; };
		4A67266C2395FCF600653E7E /* ViewController.swift in Sources */ = {isa = PBXBuildFile; fileRef = 4A67266B2395FCF600653E7E /* ViewController.swift */; };
		4A67266F2395FCF600653E7E /* Main.storyboard in Resources */ = {isa = PBXBuildFile; fileRef = 4A67266D2395FCF600653E7E /* Main.storyboard */; };
		4A6726712395FCFA00653E7E /* Assets.xcassets in Resources */ = {isa = PBXBuildFile; fileRef = 4A6726702395FCFA00653E7E /* Assets.xcassets */; };
		4A6726742395FCFA00653E7E /* LaunchScreen.storyboard in Resources */ = {isa = PBXBuildFile; fileRef = 4A6726722395FCFA00653E7E /* LaunchScreen.storyboard */; };
		4A67267F2395FCFB00653E7E /* SE_1Tests.swift in Sources */ = {isa = PBXBuildFile; fileRef = 4A67267E2395FCFB00653E7E /* SE_1Tests.swift */; };
		4A67268A2395FCFB00653E7E /* SE_1UITests.swift in Sources */ = {isa = PBXBuildFile; fileRef = 4A6726892395FCFB00653E7E /* SE_1UITests.swift */; };
/* End PBXBuildFile section */

/* Begin PBXContainerItemProxy section */
		4A67267B2395FCFB00653E7E /* PBXContainerItemProxy */ = {
			isa = PBXContainerItemProxy;
			containerPortal = 4A67265C2395FCF600653E7E /* Project object */;
			proxyType = 1;
			remoteGlobalIDString = 4A6726632395FCF600653E7E;
			remoteInfo = "SE-1";
		};
		4A6726862395FCFB00653E7E /* PBXContainerItemProxy */ = {
			isa = PBXContainerItemProxy;
			containerPortal = 4A67265C2395FCF600653E7E /* Project object */;
			proxyType = 1;
			remoteGlobalIDString = 4A6726632395FCF600653E7E;
			remoteInfo = "SE-1";
		};
/* End PBXContainerItemProxy section */

/* Begin PBXFileReference section */
		4A6726642395FCF600653E7E /* SE-1.app */ = {isa = PBXFileReference; explicitFileType = wrapper.application; includeInIndex = 0; path = "SE-1.app"; sourceTree = BUILT_PRODUCTS_DIR; };
		4A6726672395FCF600653E7E /* AppDelegate.swift */ = {isa = PBXFileReference; lastKnownFileType = sourcecode.swift; path = AppDelegate.swift; sourceTree = "<group>"; };
		4A6726692395FCF600653E7E /* SceneDelegate.swift */ = {isa = PBXFileReference; lastKnownFileType = sourcecode.swift; path = SceneDelegate.swift; sourceTree = "<group>"; };
		4A67266B2395FCF600653E7E /* ViewController.swift */ = {isa = PBXFileReference; lastKnownFileType = sourcecode.swift; path = ViewController.swift; sourceTree = "<group>"; };
		4A67266E2395FCF600653E7E /* Base */ = {isa = PBXFileReference; lastKnownFileType = file.storyboard; name = Base; path = Base.lproj/Main.storyboard; sourceTree = "<group>"; };
		4A6726702395FCFA00653E7E /* Assets.xcassets */ = {isa = PBXFileReference; lastKnownFileType = folder.assetcatalog; path = Assets.xcassets; sourceTree = "<group>"; };
		4A6726732395FCFA00653E7E /* Base */ = {isa = PBXFileReference; lastKnownFileType = file.storyboard; name = Base; path = Base.lproj/LaunchScreen.storyboard; sourceTree = "<group>"; };
		4A6726752395FCFA00653E7E /* Info.plist */ = {isa = PBXFileReference; lastKnownFileType = text.plist.xml; path = Info.plist; sourceTree = "<group>"; };
		4A67267A2395FCFB00653E7E /* SE-1Tests.xctest */ = {isa = PBXFileReference; explicitFileType = wrapper.cfbundle; includeInIndex = 0; path = "SE-1Tests.xctest"; sourceTree = BUILT_PRODUCTS_DIR; };
		4A67267E2395FCFB00653E7E /* SE_1Tests.swift */ = {isa = PBXFileReference; lastKnownFileType = sourcecode.swift; path = SE_1Tests.swift; sourceTree = "<group>"; };
		4A6726802395FCFB00653E7E /* Info.plist */ = {isa = PBXFileReference; lastKnownFileType = text.plist.xml; path = Info.plist; sourceTree = "<group>"; };
		4A6726852395FCFB00653E7E /* SE-1UITests.xctest */ = {isa = PBXFileReference; explicitFileType = wrapper.cfbundle; includeInIndex = 0; path = "SE-1UITests.xctest"; sourceTree = BUILT_PRODUCTS_DIR; };
		4A6726892395FCFB00653E7E /* SE_1UITests.swift */ = {isa = PBXFileReference; lastKnownFileType = sourcecode.swift; path = SE_1UITests.swift; sourceTree = "<group>"; };
		4A67268B2395FCFB00653E7E /* Info.plist */ = {isa = PBXFileReference; lastKnownFileType = text.plist.xml; path = Info.plist; sourceTree = "<group>"; };
/* End PBXFileReference section */

/* Begin PBXFrameworksBuildPhase section */
		4A6726612395FCF600653E7E /* Frameworks */ = {
			isa = PBXFrameworksBuildPhase;
			buildActionMask = 2147483647;
			files = (
			);
			runOnlyForDeploymentPostprocessing = 0;
		};
		4A6726772395FCFB00653E7E /* Frameworks */ = {
			isa = PBXFrameworksBuildPhase;
			buildActionMask = 2147483647;
			files = (
			);
			runOnlyForDeploymentPostprocessing = 0;
		};
		4A6726822395FCFB00653E7E /* Frameworks */ = {
			isa = PBXFrameworksBuildPhase;
			buildActionMask = 2147483647;
			files = (
			);
			runOnlyForDeploymentPostprocessing = 0;
		};
/* End PBXFrameworksBuildPhase section */

/* Begin PBXGroup section */
		4A67265B2395FCF600653E7E = {
			isa = PBXGroup;
			children = (
				4A6726662395FCF600653E7E /* SE-1 */,
				4A67267D2395FCFB00653E7E /* SE-1Tests */,
				4A6726882395FCFB00653E7E /* SE-1UITests */,
				4A6726652395FCF600653E7E /* Products */,
			);
			sourceTree = "<group>";
		};
		4A6726652395FCF600653E7E /* Products */ = {
			isa = PBXGroup;
			children = (
				4A6726642395FCF600653E7E /* SE-1.app */,
				4A67267A2395FCFB00653E7E /* SE-1Tests.xctest */,
				4A6726852395FCFB00653E7E /* SE-1UITests.xctest */,
			);
			name = Products;
			sourceTree = "<group>";
		};
		4A6726662395FCF600653E7E /* SE-1 */ = {
			isa = PBXGroup;
			children = (
				4A6726672395FCF600653E7E /* AppDelegate.swift */,
				4A6726692395FCF600653E7E /* SceneDelegate.swift */,
				4A67266B2395FCF600653E7E /* ViewController.swift */,
				4A67266D2395FCF600653E7E /* Main.storyboard */,
				4A6726702395FCFA00653E7E /* Assets.xcassets */,
				4A6726722395FCFA00653E7E /* LaunchScreen.storyboard */,
				4A6726752395FCFA00653E7E /* Info.plist */,
			);
			path = "SE-1";
			sourceTree = "<group>";
		};
		4A67267D2395FCFB00653E7E /* SE-1Tests */ = {
			isa = PBXGroup;
			children = (
				4A67267E2395FCFB00653E7E /* SE_1Tests.swift */,
				4A6726802395FCFB00653E7E /* Info.plist */,
			);
			path = "SE-1Tests";
			sourceTree = "<group>";
		};
		4A6726882395FCFB00653E7E /* SE-1UITests */ = {
			isa = PBXGroup;
			children = (
				4A6726892395FCFB00653E7E /* SE_1UITests.swift */,
				4A67268B2395FCFB00653E7E /* Info.plist */,
			);
			path = "SE-1UITests";
			sourceTree = "<group>";
		};
/* End PBXGroup section */

/* Begin PBXNativeTarget section */
		4A6726632395FCF600653E7E /* SE-1 */ = {
			isa = PBXNativeTarget;
			buildConfigurationList = 4A67268E2395FCFB00653E7E /* Build configuration list for PBXNativeTarget "SE-1" */;
			buildPhases = (
				4A6726602395FCF600653E7E /* Sources */,
				4A6726612395FCF600653E7E /* Frameworks */,
				4A6726622395FCF600653E7E /* Resources */,
			);
			buildRules = (
			);
			dependencies = (
			);
			name = "SE-1";
			productName = "SE-1";
			productReference = 4A6726642395FCF600653E7E /* SE-1.app */;
			productType = "com.apple.product-type.application";
		};
		4A6726792395FCFB00653E7E /* SE-1Tests */ = {
			isa = PBXNativeTarget;
			buildConfigurationList = 4A6726912395FCFB00653E7E /* Build configuration list for PBXNativeTarget "SE-1Tests" */;
			buildPhases = (
				4A6726762395FCFB00653E7E /* Sources */,
				4A6726772395FCFB00653E7E /* Frameworks */,
				4A6726782395FCFB00653E7E /* Resources */,
			);
			buildRules = (
			);
			dependencies = (
				4A67267C2395FCFB00653E7E /* PBXTargetDependency */,
			);
			name = "SE-1Tests";
			productName = "SE-1Tests";
			productReference = 4A67267A2395FCFB00653E7E /* SE-1Tests.xctest */;
			productType = "com.apple.product-type.bundle.unit-test";
		};
		4A6726842395FCFB00653E7E /* SE-1UITests */ = {
			isa = PBXNativeTarget;
			buildConfigurationList = 4A6726942395FCFB00653E7E /* Build configuration list for PBXNativeTarget "SE-1UITests" */;
			buildPhases = (
				4A6726812395FCFB00653E7E /* Sources */,
				4A6726822395FCFB00653E7E /* Frameworks */,
				4A6726832395FCFB00653E7E /* Resources */,
			);
			buildRules = (
			);
			dependencies = (
				4A6726872395FCFB00653E7E /* PBXTargetDependency */,
			);
			name = "SE-1UITests";
			productName = "SE-1UITests";
			productReference = 4A6726852395FCFB00653E7E /* SE-1UITests.xctest */;
			productType = "com.apple.product-type.bundle.ui-testing";
		};
/* End PBXNativeTarget section */

/* Begin PBXProject section */
		4A67265C2395FCF600653E7E /* Project object */ = {
			isa = PBXProject;
			attributes = {
				LastSwiftUpdateCheck = 1110;
				LastUpgradeCheck = 1110;
				ORGANIZATIONNAME = "用实力让情怀落地";
				TargetAttributes = {
					4A6726632395FCF600653E7E = {
						CreatedOnToolsVersion = 11.1;
					};
					4A6726792395FCFB00653E7E = {
						CreatedOnToolsVersion = 11.1;
						TestTargetID = 4A6726632395FCF600653E7E;
					};
					4A6726842395FCFB00653E7E = {
						CreatedOnToolsVersion = 11.1;
						TestTargetID = 4A6726632395FCF600653E7E;
					};
				};
			};
			buildConfigurationList = 4A67265F2395FCF600653E7E /* Build configuration list for PBXProject "SE-1" */;
			compatibilityVersion = "Xcode 9.3";
			developmentRegion = en;
			hasScannedForEncodings = 0;
			knownRegions = (
				en,
				Base,
			);
			mainGroup = 4A67265B2395FCF600653E7E;
			productRefGroup = 4A6726652395FCF600653E7E /* Products */;
			projectDirPath = "";
			projectRoot = "";
			targets = (
				4A6726632395FCF600653E7E /* SE-1 */,
				4A6726792395FCFB00653E7E /* SE-1Tests */,
				4A6726842395FCFB00653E7E /* SE-1UITests */,
			);
		};
/* End PBXProject section */

/* Begin PBXResourcesBuildPhase section */
		4A6726622395FCF600653E7E /* Resources */ = {
			isa = PBXResourcesBuildPhase;
			buildActionMask = 2147483647;
			files = (
				4A6726742395FCFA00653E7E /* LaunchScreen.storyboard in Resources */,
				4A6726712395FCFA00653E7E /* Assets.xcassets in Resources */,
				4A67266F2395FCF600653E7E /* Main.storyboard in Resources */,
			);
			runOnlyForDeploymentPostprocessing = 0;
		};
		4A6726782395FCFB00653E7E /* Resources */ = {
			isa = PBXResourcesBuildPhase;
			buildActionMask = 2147483647;
			files = (
			);
			runOnlyForDeploymentPostprocessing = 0;
		};
		4A6726832395FCFB00653E7E /* Resources */ = {
			isa = PBXResourcesBuildPhase;
			buildActionMask = 2147483647;
			files = (
			);
			runOnlyForDeploymentPostprocessing = 0;
		};
/* End PBXResourcesBuildPhase section */

/* Begin PBXSourcesBuildPhase section */
		4A6726602395FCF600653E7E /* Sources */ = {
			isa = PBXSourcesBuildPhase;
			buildActionMask = 2147483647;
			files = (
				4A67266C2395FCF600653E7E /* ViewController.swift in Sources */,
				4A6726682395FCF600653E7E /* AppDelegate.swift in Sources */,
				4A67266A2395FCF600653E7E /* SceneDelegate.swift in Sources */,
			);
			runOnlyForDeploymentPostprocessing = 0;
		};
		4A6726762395FCFB00653E7E /* Sources */ = {
			isa = PBXSourcesBuildPhase;
			buildActionMask = 2147483647;
			files = (
				4A67267F2395FCFB00653E7E /* SE_1Tests.swift in Sources */,
			);
			runOnlyForDeploymentPostprocessing = 0;
		};
		4A6726812395FCFB00653E7E /* Sources */ = {
			isa = PBXSourcesBuildPhase;
			buildActionMask = 2147483647;
			files = (
				4A67268A2395FCFB00653E7E /* SE_1UITests.swift in Sources */,
			);
			runOnlyForDeploymentPostprocessing = 0;
		};
/* End PBXSourcesBuildPhase section */

/* Begin PBXTargetDependency section */
		4A67267C2395FCFB00653E7E /* PBXTargetDependency */ = {
			isa = PBXTargetDependency;
			target = 4A6726632395FCF600653E7E /* SE-1 */;
			targetProxy = 4A67267B2395FCFB00653E7E /* PBXContainerItemProxy */;
		};
		4A6726872395FCFB00653E7E /* PBXTargetDependency */ = {
			isa = PBXTargetDependency;
			target = 4A6726632395FCF600653E7E /* SE-1 */;
			targetProxy = 4A6726862395FCFB00653E7E /* PBXContainerItemProxy */;
		};
/* End PBXTargetDependency section */

/* Begin PBXVariantGroup section */
		4A67266D2395FCF600653E7E /* Main.storyboard */ = {
			isa = PBXVariantGroup;
			children = (
				4A67266E2395FCF600653E7E /* Base */,
			);
			name = Main.storyboard;
			sourceTree = "<group>";
		};
		4A6726722395FCFA00653E7E /* LaunchScreen.storyboard */ = {
			isa = PBXVariantGroup;
			children = (
				4A6726732395FCFA00653E7E /* Base */,
			);
			name = LaunchScreen.storyboard;
			sourceTree = "<group>";
		};
/* End PBXVariantGroup section */

/* Begin XCBuildConfiguration section */
		4A67268C2395FCFB00653E7E /* Debug */ = {
			isa = XCBuildConfiguration;
			buildSettings = {
				ALWAYS_SEARCH_USER_PATHS = NO;
				CLANG_ANALYZER_NONNULL = YES;
				CLANG_ANALYZER_NUMBER_OBJECT_CONVERSION = YES_AGGRESSIVE;
				CLANG_CXX_LANGUAGE_STANDARD = "gnu++14";
				CLANG_CXX_LIBRARY = "libc++";
				CLANG_ENABLE_MODULES = YES;
				CLANG_ENABLE_OBJC_ARC = YES;
				CLANG_ENABLE_OBJC_WEAK = YES;
				CLANG_WARN_BLOCK_CAPTURE_AUTORELEASING = YES;
				CLANG_WARN_BOOL_CONVERSION = YES;
				CLANG_WARN_COMMA = YES;
				CLANG_WARN_CONSTANT_CONVERSION = YES;
				CLANG_WARN_DEPRECATED_OBJC_IMPLEMENTATIONS = YES;
				CLANG_WARN_DIRECT_OBJC_ISA_USAGE = YES_ERROR;
				CLANG_WARN_DOCUMENTATION_COMMENTS = YES;
				CLANG_WARN_EMPTY_BODY = YES;
				CLANG_WARN_ENUM_CONVERSION = YES;
				CLANG_WARN_INFINITE_RECURSION = YES;
				CLANG_WARN_INT_CONVERSION = YES;
				CLANG_WARN_NON_LITERAL_NULL_CONVERSION = YES;
				CLANG_WARN_OBJC_IMPLICIT_RETAIN_SELF = YES;
				CLANG_WARN_OBJC_LITERAL_CONVERSION = YES;
				CLANG_WARN_OBJC_ROOT_CLASS = YES_ERROR;
				CLANG_WARN_RANGE_LOOP_ANALYSIS = YES;
				CLANG_WARN_STRICT_PROTOTYPES = YES;
				CLANG_WARN_SUSPICIOUS_MOVE = YES;
				CLANG_WARN_UNGUARDED_AVAILABILITY = YES_AGGRESSIVE;
				CLANG_WARN_UNREACHABLE_CODE = YES;
				CLANG_WARN__DUPLICATE_METHOD_MATCH = YES;
				COPY_PHASE_STRIP = NO;
				DEBUG_INFORMATION_FORMAT = dwarf;
				ENABLE_STRICT_OBJC_MSGSEND = YES;
				ENABLE_TESTABILITY = YES;
				GCC_C_LANGUAGE_STANDARD = gnu11;
				GCC_DYNAMIC_NO_PIC = NO;
				GCC_NO_COMMON_BLOCKS = YES;
				GCC_OPTIMIZATION_LEVEL = 0;
				GCC_PREPROCESSOR_DEFINITIONS = (
					"DEBUG=1",
					"$(inherited)",
				);
				GCC_WARN_64_TO_32_BIT_CONVERSION = YES;
				GCC_WARN_ABOUT_RETURN_TYPE = YES_ERROR;
				GCC_WARN_UNDECLARED_SELECTOR = YES;
				GCC_WARN_UNINITIALIZED_AUTOS = YES_AGGRESSIVE;
				GCC_WARN_UNUSED_FUNCTION = YES;
				GCC_WARN_UNUSED_VARIABLE = YES;
				IPHONEOS_DEPLOYMENT_TARGET = 13.1;
				MTL_ENABLE_DEBUG_INFO = INCLUDE_SOURCE;
				MTL_FAST_MATH = YES;
				ONLY_ACTIVE_ARCH = YES;
				SDKROOT = iphoneos;
				SWIFT_ACTIVE_COMPILATION_CONDITIONS = DEBUG;
				SWIFT_OPTIMIZATION_LEVEL = "-Onone";
			};
			name = Debug;
		};
		4A67268D2395FCFB00653E7E /* Release */ = {
			isa = XCBuildConfiguration;
			buildSettings = {
				ALWAYS_SEARCH_USER_PATHS = NO;
				CLANG_ANALYZER_NONNULL = YES;
				CLANG_ANALYZER_NUMBER_OBJECT_CONVERSION = YES_AGGRESSIVE;
				CLANG_CXX_LANGUAGE_STANDARD = "gnu++14";
				CLANG_CXX_LIBRARY = "libc++";
				CLANG_ENABLE_MODULES = YES;
				CLANG_ENABLE_OBJC_ARC = YES;
				CLANG_ENABLE_OBJC_WEAK = YES;
				CLANG_WARN_BLOCK_CAPTURE_AUTORELEASING = YES;
				CLANG_WARN_BOOL_CONVERSION = YES;
				CLANG_WARN_COMMA = YES;
				CLANG_WARN_CONSTANT_CONVERSION = YES;
				CLANG_WARN_DEPRECATED_OBJC_IMPLEMENTATIONS = YES;
				CLANG_WARN_DIRECT_OBJC_ISA_USAGE = YES_ERROR;
				CLANG_WARN_DOCUMENTATION_COMMENTS = YES;
				CLANG_WARN_EMPTY_BODY = YES;
				CLANG_WARN_ENUM_CONVERSION = YES;
				CLANG_WARN_INFINITE_RECURSION = YES;
				CLANG_WARN_INT_CONVERSION = YES;
				CLANG_WARN_NON_LITERAL_NULL_CONVERSION = YES;
				CLANG_WARN_OBJC_IMPLICIT_RETAIN_SELF = YES;
				CLANG_WARN_OBJC_LITERAL_CONVERSION = YES;
				CLANG_WARN_OBJC_ROOT_CLASS = YES_ERROR;
				CLANG_WARN_RANGE_LOOP_ANALYSIS = YES;
				CLANG_WARN_STRICT_PROTOTYPES = YES;
				CLANG_WARN_SUSPICIOUS_MOVE = YES;
				CLANG_WARN_UNGUARDED_AVAILABILITY = YES_AGGRESSIVE;
				CLANG_WARN_UNREACHABLE_CODE = YES;
				CLANG_WARN__DUPLICATE_METHOD_MATCH = YES;
				COPY_PHASE_STRIP = NO;
				DEBUG_INFORMATION_FORMAT = "dwarf-with-dsym";
				ENABLE_NS_ASSERTIONS = NO;
				ENABLE_STRICT_OBJC_MSGSEND = YES;
				GCC_C_LANGUAGE_STANDARD = gnu11;
				GCC_NO_COMMON_BLOCKS = YES;
				GCC_WARN_64_TO_32_BIT_CONVERSION = YES;
				GCC_WARN_ABOUT_RETURN_TYPE = YES_ERROR;
				GCC_WARN_UNDECLARED_SELECTOR = YES;
				GCC_WARN_UNINITIALIZED_AUTOS = YES_AGGRESSIVE;
				GCC_WARN_UNUSED_FUNCTION = YES;
				GCC_WARN_UNUSED_VARIABLE = YES;
				IPHONEOS_DEPLOYMENT_TARGET = 13.1;
				MTL_ENABLE_DEBUG_INFO = NO;
				MTL_FAST_MATH = YES;
				SDKROOT = iphoneos;
				SWIFT_COMPILATION_MODE = wholemodule;
				SWIFT_OPTIMIZATION_LEVEL = "-O";
				VALIDATE_PRODUCT = YES;
			};
			name = Release;
		};
		4A67268F2395FCFB00653E7E /* Debug */ = {
			isa = XCBuildConfiguration;
			buildSettings = {
				ASSETCATALOG_COMPILER_APPICON_NAME = AppIcon;
				CODE_SIGN_STYLE = Automatic;
				INFOPLIST_FILE = "SE-1/Info.plist";
				LD_RUNPATH_SEARCH_PATHS = (
					"$(inherited)",
					"@executable_path/Frameworks",
				);
				PRODUCT_BUNDLE_IDENTIFIER = "PKU.SE-1";
				PRODUCT_NAME = "$(TARGET_NAME)";
				SWIFT_VERSION = 5.0;
				TARGETED_DEVICE_FAMILY = "1,2";
			};
			name = Debug;
		};
		4A6726902395FCFB00653E7E /* Release */ = {
			isa = XCBuildConfiguration;
			buildSettings = {
				ASSETCATALOG_COMPILER_APPICON_NAME = AppIcon;
				CODE_SIGN_STYLE = Automatic;
				INFOPLIST_FILE = "SE-1/Info.plist";
				LD_RUNPATH_SEARCH_PATHS = (
					"$(inherited)",
					"@executable_path/Frameworks",
				);
				PRODUCT_BUNDLE_IDENTIFIER = "PKU.SE-1";
				PRODUCT_NAME = "$(TARGET_NAME)";
				SWIFT_VERSION = 5.0;
				TARGETED_DEVICE_FAMILY = "1,2";
			};
			name = Release;
		};
		4A6726922395FCFB00653E7E /* Debug */ = {
			isa = XCBuildConfiguration;
			buildSettings = {
				ALWAYS_EMBED_SWIFT_STANDARD_LIBRARIES = YES;
				BUNDLE_LOADER = "$(TEST_HOST)";
				CODE_SIGN_STYLE = Automatic;
				INFOPLIST_FILE = "SE-1Tests/Info.plist";
				IPHONEOS_DEPLOYMENT_TARGET = 13.1;
				LD_RUNPATH_SEARCH_PATHS = (
					"$(inherited)",
					"@executable_path/Frameworks",
					"@loader_path/Frameworks",
				);
				PRODUCT_BUNDLE_IDENTIFIER = "PKU.SE-1Tests";
				PRODUCT_NAME = "$(TARGET_NAME)";
				SWIFT_VERSION = 5.0;
				TARGETED_DEVICE_FAMILY = "1,2";
				TEST_HOST = "$(BUILT_PRODUCTS_DIR)/SE-1.app/SE-1";
			};
			name = Debug;
		};
		4A6726932395FCFB00653E7E /* Release */ = {
			isa = XCBuildConfiguration;
			buildSettings = {
				ALWAYS_EMBED_SWIFT_STANDARD_LIBRARIES = YES;
				BUNDLE_LOADER = "$(TEST_HOST)";
				CODE_SIGN_STYLE = Automatic;
				INFOPLIST_FILE = "SE-1Tests/Info.plist";
				IPHONEOS_DEPLOYMENT_TARGET = 13.1;
				LD_RUNPATH_SEARCH_PATHS = (
					"$(inherited)",
					"@executable_path/Frameworks",
					"@loader_path/Frameworks",
				);
				PRODUCT_BUNDLE_IDENTIFIER = "PKU.SE-1Tests";
				PRODUCT_NAME = "$(TARGET_NAME)";
				SWIFT_VERSION = 5.0;
				TARGETED_DEVICE_FAMILY = "1,2";
				TEST_HOST = "$(BUILT_PRODUCTS_DIR)/SE-1.app/SE-1";
			};
			name = Release;
		};
		4A6726952395FCFB00653E7E /* Debug */ = {
			isa = XCBuildConfiguration;
			buildSettings = {
				ALWAYS_EMBED_SWIFT_STANDARD_LIBRARIES = YES;
				CODE_SIGN_STYLE = Automatic;
				INFOPLIST_FILE = "SE-1UITests/Info.plist";
				LD_RUNPATH_SEARCH_PATHS = (
					"$(inherited)",
					"@executable_path/Frameworks",
					"@loader_path/Frameworks",
				);
				PRODUCT_BUNDLE_IDENTIFIER = "PKU.SE-1UITests";
				PRODUCT_NAME = "$(TARGET_NAME)";
				SWIFT_VERSION = 5.0;
				TARGETED_DEVICE_FAMILY = "1,2";
				TEST_TARGET_NAME = "SE-1";
			};
			name = Debug;
		};
		4A6726962395FCFB00653E7E /* Release */ = {
			isa = XCBuildConfiguration;
			buildSettings = {
				ALWAYS_EMBED_SWIFT_STANDARD_LIBRARIES = YES;
				CODE_SIGN_STYLE = Automatic;
				INFOPLIST_FILE = "SE-1UITests/Info.plist";
				LD_RUNPATH_SEARCH_PATHS = (
					"$(inherited)",
					"@executable_path/Frameworks",
					"@loader_path/Frameworks",
				);
				PRODUCT_BUNDLE_IDENTIFIER = "PKU.SE-1UITests";
				PRODUCT_NAME = "$(TARGET_NAME)";
				SWIFT_VERSION = 5.0;
				TARGETED_DEVICE_FAMILY = "1,2";
				TEST_TARGET_NAME = "SE-1";
			};
			name = Release;
		};
/* End XCBuildConfiguration section */

/* Begin XCConfigurationList section */
		4A67265F2395FCF600653E7E /* Build configuration list for PBXProject "SE-1" */ = {
			isa = XCConfigurationList;
			buildConfigurations = (
				4A67268C2395FCFB00653E7E /* Debug */,
				4A67268D2395FCFB00653E7E /* Release */,
			);
			defaultConfigurationIsVisible = 0;
			defaultConfigurationName = Release;
		};
		4A67268E2395FCFB00653E7E /* Build configuration list for PBXNativeTarget "SE-1" */ = {
			isa = XCConfigurationList;
			buildConfigurations = (
				4A67268F2395FCFB00653E7E /* Debug */,
				4A6726902395FCFB00653E7E /* Release */,
			);
			defaultConfigurationIsVisible = 0;
			defaultConfigurationName = Release;
		};
		4A6726912395FCFB00653E7E /* Build configuration list for PBXNativeTarget "SE-1Tests" */ = {
			isa = XCConfigurationList;
			buildConfigurations = (
				4A6726922395FCFB00653E7E /* Debug */,
				4A6726932395FCFB00653E7E /* Release */,
			);
			defaultConfigurationIsVisible = 0;
			defaultConfigurationName = Release;
		};
		4A6726942395FCFB00653E7E /* Build configuration list for PBXNativeTarget "SE-1UITests" */ = {
			isa = XCConfigurationList;
			buildConfigurations = (
				4A6726952395FCFB00653E7E /* Debug */,
				4A6726962395FCFB00653E7E /* Release */,
			);
			defaultConfigurationIsVisible = 0;
			defaultConfigurationName = Release;
		};
/* End XCConfigurationList section */
	};
	rootObject = 4A67265C2395FCF600653E7E /* Project object */;
}
